# THIS IS AN AUTOGENERATED FILE. DO NOT EDIT THIS FILE DIRECTLY.
# yarn lockfile v1


"@jsdoc/salty@^0.2.1":
  version "0.2.5"
  resolved "https://registry.yarnpkg.com/@jsdoc/salty/-/salty-0.2.5.tgz#1b2fa5bb8c66485b536d86eee877c263d322f692"
  integrity sha512-TfRP53RqunNe2HBobVBJ0VLhK1HbfvBYeTC1ahnN64PWvyYyGebmMiPkuwvD9fpw2ZbkoPb8Q7mwy0aR8Z9rvw==
  dependencies:
    lodash "^4.17.21"

docdash@^2.0.1:
  version "2.0.1"
  resolved "https://registry.yarnpkg.com/docdash/-/docdash-2.0.1.tgz#ac36dd1b64a2ae298e642c9a8d8d3c0f7f0a2c55"
  integrity sha512-mkBhkeMyMwGV4YIdA7S4dIC25ENrfU/ZBfyTs/MXj/HUewW/dtx44xoho4PttCOMsqxlcghzfj8HRlam5QiSoQ==
  dependencies:
    "@jsdoc/salty" "^0.2.1"

lodash@^4.17.21:
  version "4.17.21"
  resolved "https://registry.yarnpkg.com/lodash/-/lodash-4.17.21.tgz#679591c564c3bffaae8454cf0b3df370c3d6911c"
  integrity sha512-v2kDEe57lecTulaDIuNTPy3Ry4gLGJ6Z1O3vE1krgXZNrsQ+LFTGHVxVjcXPs17LhbZVGedAJv8XZ1tvj5FvSg==
